
Microsoft Visual Studio Solution File, Format Version 12.00
# Visual Studio Version 17
VisualStudioVersion = 17.5.002.0
MinimumVisualStudioVersion = 10.0.40219.1
Project("{9A19103F-16F7-4668-BE54-9A1E7A4F7556}") = "TP07_Dominguez_Minuchin", "TP07_Dominguez_Minuchin.csproj", "{DB0F2F5D-A478-4256-93B9-33A426F56979}"
EndProject
Global
	GlobalSection(SolutionConfigurationPlatforms) = preSolution
		Debug|Any CPU = Debug|Any CPU
		Release|Any CPU = Release|Any CPU
	EndGlobalSection
	GlobalSection(ProjectConfigurationPlatforms) = postSolution
		{DB0F2F5D-A478-4256-93B9-33A426F56979}.Debug|Any CPU.ActiveCfg = Debug|Any CPU
		{DB0F2F5D-A478-4256-93B9-33A426F56979}.Debug|Any CPU.Build.0 = Debug|Any CPU
		{DB0F2F5D-A478-4256-93B9-33A426F56979}.Release|Any CPU.ActiveCfg = Release|Any CPU
		{DB0F2F5D-A478-4256-93B9-33A426F56979}.Release|Any CPU.Build.0 = Release|Any CPU
	EndGlobalSection
	GlobalSection(SolutionProperties) = preSolution
		HideSolutionNode = FALSE
	EndGlobalSection
	GlobalSection(ExtensibilityGlobals) = postSolution
		SolutionGuid = {58B7AF67-D9E7-48B9-8537-503EF86C2739}
	EndGlobalSection
EndGlobal
